
Microsoft Visual Studio Solution File, Format Version 12.00
# Visual Studio Version 17
VisualStudioVersion = 17.12.35527.113
MinimumVisualStudioVersion = 10.0.40219.1
Project("{FAE04EC0-301F-11D3-BF4B-00C04F79EFBC}") = "LemonadeStandApp", "LemonadeStandApp\LemonadeStandApp.csproj", "{0362FDC7-90C3-4D13-AAFE-B139609CA165}"
EndProject
Project("{FAE04EC0-301F-11D3-BF4B-00C04F79EFBC}") = "LemonadeStandApp.Tests", "LemonadeStandApp.Tests\LemonadeStandApp.Tests.csproj", "{AD7D0688-91AA-4E38-BCE2-833A758D43A5}"
EndProject
Global
	GlobalSection(SolutionConfigurationPlatforms) = preSolution
		Debug|Any CPU = Debug|Any CPU
		Release|Any CPU = Release|Any CPU
	EndGlobalSection
	GlobalSection(ProjectConfigurationPlatforms) = postSolution
		{0362FDC7-90C3-4D13-AAFE-B139609CA165}.Debug|Any CPU.ActiveCfg = Debug|Any CPU
		{0362FDC7-90C3-4D13-AAFE-B139609CA165}.Debug|Any CPU.Build.0 = Debug|Any CPU
		{0362FDC7-90C3-4D13-AAFE-B139609CA165}.Release|Any CPU.ActiveCfg = Release|Any CPU
		{0362FDC7-90C3-4D13-AAFE-B139609CA165}.Release|Any CPU.Build.0 = Release|Any CPU
		{AD7D0688-91AA-4E38-BCE2-833A758D43A5}.Debug|Any CPU.ActiveCfg = Debug|Any CPU
		{AD7D0688-91AA-4E38-BCE2-833A758D43A5}.Debug|Any CPU.Build.0 = Debug|Any CPU
		{AD7D0688-91AA-4E38-BCE2-833A758D43A5}.Release|Any CPU.ActiveCfg = Release|Any CPU
		{AD7D0688-91AA-4E38-BCE2-833A758D43A5}.Release|Any CPU.Build.0 = Release|Any CPU
	EndGlobalSection
	GlobalSection(SolutionProperties) = preSolution
		HideSolutionNode = FALSE
	EndGlobalSection
EndGlobal
